<?xml version="1.0" encoding="utf-8"?>
<Project ToolsVersion="4.0" xmlns="http://schemas.microsoft.com/developer/msbuild/2003">
  <ItemGroup>
    <Filter Include="App">
      <UniqueIdentifier>{ac083b77-cc43-4f4c-96fa-7ecb140d84f9}</UniqueIdentifier>
    </Filter>
    <Filter Include="Engine">
      <UniqueIdentifier>{ccaa2681-f4ed-4ba6-8738-0c12406c6037}</UniqueIdentifier>
    </Filter>
    <Filter Include="Engine\Window">
      <UniqueIdentifier>{9f436a37-f5f8-4bcb-98b0-ae40bcd8b600}</UniqueIdentifier>
    </Filter>
    <Filter Include="Engine\Graphics">
      <UniqueIdentifier>{8706107b-a603-48a4-aa77-2f957e2dd6f9}</UniqueIdentifier>
    </Filter>
    <Filter Include="Engine\Graphics\DeviceContext">
      <UniqueIdentifier>{88ff53a5-e318-4df6-94c1-ff78c406f691}</UniqueIdentifier>
    </Filter>
    <Filter Include="Engine\Graphics\VertexBuffer">
      <UniqueIdentifier>{9cf52aa4-5fad-4303-b5ac-73a948c0e99d}</UniqueIdentifier>
    </Filter>
    <Filter Include="Engine\Graphics\Shader">
      <UniqueIdentifier>{cab707e1-c6dc-4de2-8527-42de403d7cdc}</UniqueIdentifier>
    </Filter>
    <Filter Include="Engine\Graphics\SwapChain">
      <UniqueIdentifier>{13e9d9b5-62b5-411a-b592-39082fed41d1}</UniqueIdentifier>
    </Filter>
  </ItemGroup>
  <ItemGroup>
    <ClCompile Include="main.cpp">
      <Filter>App</Filter>
    </ClCompile>
    <ClCompile Include="App.cpp">
      <Filter>App</Filter>
    </ClCompile>
    <ClCompile Include="Graphics.cpp">
      <Filter>Engine\Graphics</Filter>
    </ClCompile>
    <ClCompile Include="SwapChain.cpp">
      <Filter>Engine\Graphics\SwapChain</Filter>
    </ClCompile>
    <ClCompile Include="DeviceContext.cpp">
      <Filter>Engine\Graphics\DeviceContext</Filter>
    </ClCompile>
    <ClCompile Include="Window.cpp">
      <Filter>Engine\Window</Filter>
    </ClCompile>
    <ClCompile Include="VertexBuffer.cpp">
      <Filter>Engine\Graphics\VertexBuffer</Filter>
    </ClCompile>
  </ItemGroup>
  <ItemGroup>
    <ClInclude Include="App.h">
      <Filter>App</Filter>
    </ClInclude>
    <ClInclude Include="Window.h">
      <Filter>Engine\Window</Filter>
    </ClInclude>
    <ClInclude Include="Graphics.h">
      <Filter>Engine\Graphics</Filter>
    </ClInclude>
    <ClInclude Include="SwapChain.h">
      <Filter>Engine\Graphics\SwapChain</Filter>
    </ClInclude>
    <ClInclude Include="DeviceContext.h">
      <Filter>Engine\Graphics\DeviceContext</Filter>
    </ClInclude>
    <ClInclude Include="VertexBuffer.h">
      <Filter>Engine\Graphics\VertexBuffer</Filter>
    </ClInclude>
  </ItemGroup>
  <ItemGroup>
    <None Include="shader.fx">
      <Filter>Engine\Graphics\Shader</Filter>
    </None>
  </ItemGroup>
</Project>